
Microsoft Visual Studio Solution File, Format Version 12.00
# Visual Studio Version 16
VisualStudioVersion = 16.0.30804.86
MinimumVisualStudioVersion = 10.0.40219.1
Project("{FAE04EC0-301F-11D3-BF4B-00C04F79EFBC}") = "BIM Leaders Core", "BIM Leaders Core\BIM Leaders Core.csproj", "{CC132ACA-21DD-4E90-B767-F7FC7B339FCA}"
EndProject
Project("{FAE04EC0-301F-11D3-BF4B-00C04F79EFBC}") = "BIM Leaders Resources", "BIM Leaders Resources\BIM Leaders Resources.csproj", "{2F6CF1C2-84B4-4342-895D-277C481DCDD1}"
EndProject
Project("{FAE04EC0-301F-11D3-BF4B-00C04F79EFBC}") = "BIM Leaders UI", "BIM Leaders UI\BIM Leaders UI.csproj", "{EE61C151-BF4C-41A7-B29C-45D042E6EA0F}"
EndProject
Project("{FAE04EC0-301F-11D3-BF4B-00C04F79EFBC}") = "BIM Leaders", "BIM Leaders\BIM Leaders.csproj", "{72B35F18-B470-4DDD-9974-BF064A31F441}"
EndProject
Project("{FAE04EC0-301F-11D3-BF4B-00C04F79EFBC}") = "BIM Leaders Windows", "BIM Leaders Windows\BIM Leaders Windows.csproj", "{799942AC-6D9B-44E4-AB3F-1191B32F8CD4}"
EndProject
Project("{930C7802-8A8C-48F9-8165-68863BCCD9DD}") = "BIM Leaders Setup", "BIM Leaders Setup\BIM Leaders Setup.wixproj", "{F7A6B550-60FE-4853-892D-2D761DAB284B}"
EndProject
Global
	GlobalSection(SolutionConfigurationPlatforms) = preSolution
		2020|Any CPU = 2020|Any CPU
		2020|x86 = 2020|x86
		2021|Any CPU = 2021|Any CPU
		2021|x86 = 2021|x86
		Debug|Any CPU = Debug|Any CPU
		Debug|x86 = Debug|x86
		Release|Any CPU = Release|Any CPU
		Release|x86 = Release|x86
	EndGlobalSection
	GlobalSection(ProjectConfigurationPlatforms) = postSolution
		{CC132ACA-21DD-4E90-B767-F7FC7B339FCA}.2020|Any CPU.ActiveCfg = 2020|Any CPU
		{CC132ACA-21DD-4E90-B767-F7FC7B339FCA}.2020|Any CPU.Build.0 = 2020|Any CPU
		{CC132ACA-21DD-4E90-B767-F7FC7B339FCA}.2020|x86.ActiveCfg = 2020|Any CPU
		{CC132ACA-21DD-4E90-B767-F7FC7B339FCA}.2020|x86.Build.0 = 2020|Any CPU
		{CC132ACA-21DD-4E90-B767-F7FC7B339FCA}.2021|Any CPU.ActiveCfg = 2021|Any CPU
		{CC132ACA-21DD-4E90-B767-F7FC7B339FCA}.2021|Any CPU.Build.0 = 2021|Any CPU
		{CC132ACA-21DD-4E90-B767-F7FC7B339FCA}.2021|x86.ActiveCfg = 2021|Any CPU
		{CC132ACA-21DD-4E90-B767-F7FC7B339FCA}.2021|x86.Build.0 = 2021|Any CPU
		{CC132ACA-21DD-4E90-B767-F7FC7B339FCA}.Debug|Any CPU.ActiveCfg = 2021|Any CPU
		{CC132ACA-21DD-4E90-B767-F7FC7B339FCA}.Debug|Any CPU.Build.0 = 2021|Any CPU
		{CC132ACA-21DD-4E90-B767-F7FC7B339FCA}.Debug|x86.ActiveCfg = Debug|Any CPU
		{CC132ACA-21DD-4E90-B767-F7FC7B339FCA}.Debug|x86.Build.0 = Debug|Any CPU
		{CC132ACA-21DD-4E90-B767-F7FC7B339FCA}.Release|Any CPU.ActiveCfg = Release|Any CPU
		{CC132ACA-21DD-4E90-B767-F7FC7B339FCA}.Release|Any CPU.Build.0 = Release|Any CPU
		{CC132ACA-21DD-4E90-B767-F7FC7B339FCA}.Release|x86.ActiveCfg = Release|Any CPU
		{CC132ACA-21DD-4E90-B767-F7FC7B339FCA}.Release|x86.Build.0 = Release|Any CPU
		{2F6CF1C2-84B4-4342-895D-277C481DCDD1}.2020|Any CPU.ActiveCfg = Debug|Any CPU
		{2F6CF1C2-84B4-4342-895D-277C481DCDD1}.2020|Any CPU.Build.0 = Debug|Any CPU
		{2F6CF1C2-84B4-4342-895D-277C481DCDD1}.2020|x86.ActiveCfg = Release|Any CPU
		{2F6CF1C2-84B4-4342-895D-277C481DCDD1}.2020|x86.Build.0 = Release|Any CPU
		{2F6CF1C2-84B4-4342-895D-277C481DCDD1}.2021|Any CPU.ActiveCfg = Debug|Any CPU
		{2F6CF1C2-84B4-4342-895D-277C481DCDD1}.2021|Any CPU.Build.0 = Debug|Any CPU
		{2F6CF1C2-84B4-4342-895D-277C481DCDD1}.2021|x86.ActiveCfg = Release|Any CPU
		{2F6CF1C2-84B4-4342-895D-277C481DCDD1}.2021|x86.Build.0 = Release|Any CPU
		{2F6CF1C2-84B4-4342-895D-277C481DCDD1}.Debug|Any CPU.ActiveCfg = Debug|Any CPU
		{2F6CF1C2-84B4-4342-895D-277C481DCDD1}.Debug|Any CPU.Build.0 = Debug|Any CPU
		{2F6CF1C2-84B4-4342-895D-277C481DCDD1}.Debug|x86.ActiveCfg = Debug|Any CPU
		{2F6CF1C2-84B4-4342-895D-277C481DCDD1}.Debug|x86.Build.0 = Debug|Any CPU
		{2F6CF1C2-84B4-4342-895D-277C481DCDD1}.Release|Any CPU.ActiveCfg = Release|Any CPU
		{2F6CF1C2-84B4-4342-895D-277C481DCDD1}.Release|Any CPU.Build.0 = Release|Any CPU
		{2F6CF1C2-84B4-4342-895D-277C481DCDD1}.Release|x86.ActiveCfg = Release|Any CPU
		{2F6CF1C2-84B4-4342-895D-277C481DCDD1}.Release|x86.Build.0 = Release|Any CPU
		{EE61C151-BF4C-41A7-B29C-45D042E6EA0F}.2020|Any CPU.ActiveCfg = Debug|Any CPU
		{EE61C151-BF4C-41A7-B29C-45D042E6EA0F}.2020|Any CPU.Build.0 = Debug|Any CPU
		{EE61C151-BF4C-41A7-B29C-45D042E6EA0F}.2020|x86.ActiveCfg = Release|Any CPU
		{EE61C151-BF4C-41A7-B29C-45D042E6EA0F}.2020|x86.Build.0 = Release|Any CPU
		{EE61C151-BF4C-41A7-B29C-45D042E6EA0F}.2021|Any CPU.ActiveCfg = Debug|Any CPU
		{EE61C151-BF4C-41A7-B29C-45D042E6EA0F}.2021|Any CPU.Build.0 = Debug|Any CPU
		{EE61C151-BF4C-41A7-B29C-45D042E6EA0F}.2021|x86.ActiveCfg = Release|Any CPU
		{EE61C151-BF4C-41A7-B29C-45D042E6EA0F}.2021|x86.Build.0 = Release|Any CPU
		{EE61C151-BF4C-41A7-B29C-45D042E6EA0F}.Debug|Any CPU.ActiveCfg = Debug|Any CPU
		{EE61C151-BF4C-41A7-B29C-45D042E6EA0F}.Debug|Any CPU.Build.0 = Debug|Any CPU
		{EE61C151-BF4C-41A7-B29C-45D042E6EA0F}.Debug|x86.ActiveCfg = Debug|Any CPU
		{EE61C151-BF4C-41A7-B29C-45D042E6EA0F}.Debug|x86.Build.0 = Debug|Any CPU
		{EE61C151-BF4C-41A7-B29C-45D042E6EA0F}.Release|Any CPU.ActiveCfg = Release|Any CPU
		{EE61C151-BF4C-41A7-B29C-45D042E6EA0F}.Release|Any CPU.Build.0 = Release|Any CPU
		{EE61C151-BF4C-41A7-B29C-45D042E6EA0F}.Release|x86.ActiveCfg = Release|Any CPU
		{EE61C151-BF4C-41A7-B29C-45D042E6EA0F}.Release|x86.Build.0 = Release|Any CPU
		{72B35F18-B470-4DDD-9974-BF064A31F441}.2020|Any CPU.ActiveCfg = 2020|Any CPU
		{72B35F18-B470-4DDD-9974-BF064A31F441}.2020|Any CPU.Build.0 = 2020|Any CPU
		{72B35F18-B470-4DDD-9974-BF064A31F441}.2020|x86.ActiveCfg = 2020|Any CPU
		{72B35F18-B470-4DDD-9974-BF064A31F441}.2020|x86.Build.0 = 2020|Any CPU
		{72B35F18-B470-4DDD-9974-BF064A31F441}.2021|Any CPU.ActiveCfg = 2021|Any CPU
		{72B35F18-B470-4DDD-9974-BF064A31F441}.2021|Any CPU.Build.0 = 2021|Any CPU
		{72B35F18-B470-4DDD-9974-BF064A31F441}.2021|x86.ActiveCfg = 2021|Any CPU
		{72B35F18-B470-4DDD-9974-BF064A31F441}.2021|x86.Build.0 = 2021|Any CPU
		{72B35F18-B470-4DDD-9974-BF064A31F441}.Debug|Any CPU.ActiveCfg = 2021|Any CPU
		{72B35F18-B470-4DDD-9974-BF064A31F441}.Debug|Any CPU.Build.0 = 2021|Any CPU
		{72B35F18-B470-4DDD-9974-BF064A31F441}.Debug|x86.ActiveCfg = Debug|Any CPU
		{72B35F18-B470-4DDD-9974-BF064A31F441}.Debug|x86.Build.0 = Debug|Any CPU
		{72B35F18-B470-4DDD-9974-BF064A31F441}.Release|Any CPU.ActiveCfg = Release|Any CPU
		{72B35F18-B470-4DDD-9974-BF064A31F441}.Release|Any CPU.Build.0 = Release|Any CPU
		{72B35F18-B470-4DDD-9974-BF064A31F441}.Release|x86.ActiveCfg = Release|Any CPU
		{72B35F18-B470-4DDD-9974-BF064A31F441}.Release|x86.Build.0 = Release|Any CPU
		{799942AC-6D9B-44E4-AB3F-1191B32F8CD4}.2020|Any CPU.ActiveCfg = Debug|Any CPU
		{799942AC-6D9B-44E4-AB3F-1191B32F8CD4}.2020|Any CPU.Build.0 = Debug|Any CPU
		{799942AC-6D9B-44E4-AB3F-1191B32F8CD4}.2020|x86.ActiveCfg = Release|Any CPU
		{799942AC-6D9B-44E4-AB3F-1191B32F8CD4}.2020|x86.Build.0 = Release|Any CPU
		{799942AC-6D9B-44E4-AB3F-1191B32F8CD4}.2021|Any CPU.ActiveCfg = Debug|Any CPU
		{799942AC-6D9B-44E4-AB3F-1191B32F8CD4}.2021|Any CPU.Build.0 = Debug|Any CPU
		{799942AC-6D9B-44E4-AB3F-1191B32F8CD4}.2021|x86.ActiveCfg = Release|Any CPU
		{799942AC-6D9B-44E4-AB3F-1191B32F8CD4}.2021|x86.Build.0 = Release|Any CPU
		{799942AC-6D9B-44E4-AB3F-1191B32F8CD4}.Debug|Any CPU.ActiveCfg = Debug|Any CPU
		{799942AC-6D9B-44E4-AB3F-1191B32F8CD4}.Debug|Any CPU.Build.0 = Debug|Any CPU
		{799942AC-6D9B-44E4-AB3F-1191B32F8CD4}.Debug|x86.ActiveCfg = Debug|Any CPU
		{799942AC-6D9B-44E4-AB3F-1191B32F8CD4}.Debug|x86.Build.0 = Debug|Any CPU
		{799942AC-6D9B-44E4-AB3F-1191B32F8CD4}.Release|Any CPU.ActiveCfg = Release|Any CPU
		{799942AC-6D9B-44E4-AB3F-1191B32F8CD4}.Release|Any CPU.Build.0 = Release|Any CPU
		{799942AC-6D9B-44E4-AB3F-1191B32F8CD4}.Release|x86.ActiveCfg = Release|Any CPU
		{799942AC-6D9B-44E4-AB3F-1191B32F8CD4}.Release|x86.Build.0 = Release|Any CPU
		{F7A6B550-60FE-4853-892D-2D761DAB284B}.2020|Any CPU.ActiveCfg = Debug|x86
		{F7A6B550-60FE-4853-892D-2D761DAB284B}.2020|Any CPU.Build.0 = Debug|x86
		{F7A6B550-60FE-4853-892D-2D761DAB284B}.2020|x86.ActiveCfg = Debug|x86
		{F7A6B550-60FE-4853-892D-2D761DAB284B}.2020|x86.Build.0 = Debug|x86
		{F7A6B550-60FE-4853-892D-2D761DAB284B}.2021|Any CPU.ActiveCfg = Debug|x86
		{F7A6B550-60FE-4853-892D-2D761DAB284B}.2021|Any CPU.Build.0 = Debug|x86
		{F7A6B550-60FE-4853-892D-2D761DAB284B}.2021|x86.ActiveCfg = Debug|x86
		{F7A6B550-60FE-4853-892D-2D761DAB284B}.2021|x86.Build.0 = Debug|x86
		{F7A6B550-60FE-4853-892D-2D761DAB284B}.Debug|Any CPU.ActiveCfg = Debug|x86
		{F7A6B550-60FE-4853-892D-2D761DAB284B}.Debug|x86.ActiveCfg = Debug|x86
		{F7A6B550-60FE-4853-892D-2D761DAB284B}.Debug|x86.Build.0 = Debug|x86
		{F7A6B550-60FE-4853-892D-2D761DAB284B}.Release|Any CPU.ActiveCfg = Release|x86
		{F7A6B550-60FE-4853-892D-2D761DAB284B}.Release|x86.ActiveCfg = Release|x86
		{F7A6B550-60FE-4853-892D-2D761DAB284B}.Release|x86.Build.0 = Release|x86
	EndGlobalSection
	GlobalSection(SolutionProperties) = preSolution
		HideSolutionNode = FALSE
	EndGlobalSection
	GlobalSection(ExtensibilityGlobals) = postSolution
		SolutionGuid = {8628A0C7-6E01-41F9-BC25-997B44FEA902}
	EndGlobalSection
EndGlobal
